// !$*UTF8*$!
{
	archiveVersion = 1;
	classes = {
	};
	objectVersion = 48;
	objects = {

/* Begin PBXBuildFile section */
		C15C551220454E3100062595 /* InfoViewController.m in Sources */ = {isa = PBXBuildFile; fileRef = C15C551020454E3100062595 /* InfoViewController.m */; };
		C15C551320454E3100062595 /* InfoViewController.xib in Resources */ = {isa = PBXBuildFile; fileRef = C15C551120454E3100062595 /* InfoViewController.xib */; };
		C15FC4DF2022B04800A102FD /* AppDelegate.m in Sources */ = {isa = PBXBuildFile; fileRef = C15FC4DE2022B04800A102FD /* AppDelegate.m */; };
		C15FC4E22022B04800A102FD /* ViewController.m in Sources */ = {isa = PBXBuildFile; fileRef = C15FC4E12022B04800A102FD /* ViewController.m */; };
		C15FC4E52022B04800A102FD /* Main.storyboard in Resources */ = {isa = PBXBuildFile; fileRef = C15FC4E32022B04800A102FD /* Main.storyboard */; };
		C15FC4E72022B04800A102FD /* Assets.xcassets in Resources */ = {isa = PBXBuildFile; fileRef = C15FC4E62022B04800A102FD /* Assets.xcassets */; };
		C15FC4EA2022B04800A102FD /* LaunchScreen.storyboard in Resources */ = {isa = PBXBuildFile; fileRef = C15FC4E82022B04800A102FD /* LaunchScreen.storyboard */; };
		C15FC4ED2022B04800A102FD /* main.m in Sources */ = {isa = PBXBuildFile; fileRef = C15FC4EC2022B04800A102FD /* main.m */; };
		C15FC4F42022B4B000A102FD /* ExampleApp.html in Resources */ = {isa = PBXBuildFile; fileRef = C15FC4F32022B4B000A102FD /* ExampleApp.html */; };
		C15FC4F820297D7000A102FD /* test1.html in Resources */ = {isa = PBXBuildFile; fileRef = C15FC4F720297D7000A102FD /* test1.html */; };
		C15FC4FF202AE21800A102FD /* OriginalViewController.m in Sources */ = {isa = PBXBuildFile; fileRef = C15FC4FE202AE21800A102FD /* OriginalViewController.m */; };
		C15FC502202AE22900A102FD /* JSCoreViewController.m in Sources */ = {isa = PBXBuildFile; fileRef = C15FC501202AE22900A102FD /* JSCoreViewController.m */; };
		C15FC505202AE23B00A102FD /* JSBridgeViewController.m in Sources */ = {isa = PBXBuildFile; fileRef = C15FC504202AE23B00A102FD /* JSBridgeViewController.m */; };
		C15FC507202AF04B00A102FD /* UserInfo.html in Resources */ = {isa = PBXBuildFile; fileRef = C15FC506202AF04A00A102FD /* UserInfo.html */; };
		C16B988D370EDD7353893031 /* libPods-JSBridgeOCDemo.a in Frameworks */ = {isa = PBXBuildFile; fileRef = 804986DDCB45E74F066F6237 /* libPods-JSBridgeOCDemo.a */; };
/* End PBXBuildFile section */

/* Begin PBXFileReference section */
		21CA2D9432826208446332A7 /* Pods-JSBridgeOCDemo.release.xcconfig */ = {isa = PBXFileReference; includeInIndex = 1; lastKnownFileType = text.xcconfig; name = "Pods-JSBridgeOCDemo.release.xcconfig"; path = "Pods/Target Support Files/Pods-JSBridgeOCDemo/Pods-JSBridgeOCDemo.release.xcconfig"; sourceTree = "<group>"; };
		760D44372ED64801ADFEB0F4 /* Pods-JSBridgeOCDemo.debug.xcconfig */ = {isa = PBXFileReference; includeInIndex = 1; lastKnownFileType = text.xcconfig; name = "Pods-JSBridgeOCDemo.debug.xcconfig"; path = "Pods/Target Support Files/Pods-JSBridgeOCDemo/Pods-JSBridgeOCDemo.debug.xcconfig"; sourceTree = "<group>"; };
		804986DDCB45E74F066F6237 /* libPods-JSBridgeOCDemo.a */ = {isa = PBXFileReference; explicitFileType = archive.ar; includeInIndex = 0; path = "libPods-JSBridgeOCDemo.a"; sourceTree = BUILT_PRODUCTS_DIR; };
		C15C550F20454E3100062595 /* InfoViewController.h */ = {isa = PBXFileReference; lastKnownFileType = sourcecode.c.h; path = InfoViewController.h; sourceTree = "<group>"; };
		C15C551020454E3100062595 /* InfoViewController.m */ = {isa = PBXFileReference; lastKnownFileType = sourcecode.c.objc; path = InfoViewController.m; sourceTree = "<group>"; };
		C15C551120454E3100062595 /* InfoViewController.xib */ = {isa = PBXFileReference; lastKnownFileType = file.xib; path = InfoViewController.xib; sourceTree = "<group>"; };
		C15FC4DA2022B04800A102FD /* JSBridgeOCDemo.app */ = {isa = PBXFileReference; explicitFileType = wrapper.application; includeInIndex = 0; path = JSBridgeOCDemo.app; sourceTree = BUILT_PRODUCTS_DIR; };
		C15FC4DD2022B04800A102FD /* AppDelegate.h */ = {isa = PBXFileReference; lastKnownFileType = sourcecode.c.h; path = AppDelegate.h; sourceTree = "<group>"; };
		C15FC4DE2022B04800A102FD /* AppDelegate.m */ = {isa = PBXFileReference; lastKnownFileType = sourcecode.c.objc; path = AppDelegate.m; sourceTree = "<group>"; };
		C15FC4E02022B04800A102FD /* ViewController.h */ = {isa = PBXFileReference; lastKnownFileType = sourcecode.c.h; path = ViewController.h; sourceTree = "<group>"; };
		C15FC4E12022B04800A102FD /* ViewController.m */ = {isa = PBXFileReference; lastKnownFileType = sourcecode.c.objc; path = ViewController.m; sourceTree = "<group>"; };
		C15FC4E42022B04800A102FD /* Base */ = {isa = PBXFileReference; lastKnownFileType = file.storyboard; name = Base; path = Base.lproj/Main.storyboard; sourceTree = "<group>"; };
		C15FC4E62022B04800A102FD /* Assets.xcassets */ = {isa = PBXFileReference; lastKnownFileType = folder.assetcatalog; path = Assets.xcassets; sourceTree = "<group>"; };
		C15FC4E92022B04800A102FD /* Base */ = {isa = PBXFileReference; lastKnownFileType = file.storyboard; name = Base; path = Base.lproj/LaunchScreen.storyboard; sourceTree = "<group>"; };
		C15FC4EB2022B04800A102FD /* Info.plist */ = {isa = PBXFileReference; lastKnownFileType = text.plist.xml; path = Info.plist; sourceTree = "<group>"; };
		C15FC4EC2022B04800A102FD /* main.m */ = {isa = PBXFileReference; lastKnownFileType = sourcecode.c.objc; path = main.m; sourceTree = "<group>"; };
		C15FC4F32022B4B000A102FD /* ExampleApp.html */ = {isa = PBXFileReference; fileEncoding = 4; lastKnownFileType = text.html; path = ExampleApp.html; sourceTree = "<group>"; };
		C15FC4F720297D7000A102FD /* test1.html */ = {isa = PBXFileReference; lastKnownFileType = text.html; path = test1.html; sourceTree = "<group>"; };
		C15FC4FD202AE21800A102FD /* OriginalViewController.h */ = {isa = PBXFileReference; lastKnownFileType = sourcecode.c.h; path = OriginalViewController.h; sourceTree = "<group>"; };
		C15FC4FE202AE21800A102FD /* OriginalViewController.m */ = {isa = PBXFileReference; lastKnownFileType = sourcecode.c.objc; path = OriginalViewController.m; sourceTree = "<group>"; };
		C15FC500202AE22900A102FD /* JSCoreViewController.h */ = {isa = PBXFileReference; lastKnownFileType = sourcecode.c.h; path = JSCoreViewController.h; sourceTree = "<group>"; };
		C15FC501202AE22900A102FD /* JSCoreViewController.m */ = {isa = PBXFileReference; lastKnownFileType = sourcecode.c.objc; path = JSCoreViewController.m; sourceTree = "<group>"; };
		C15FC503202AE23B00A102FD /* JSBridgeViewController.h */ = {isa = PBXFileReference; lastKnownFileType = sourcecode.c.h; path = JSBridgeViewController.h; sourceTree = "<group>"; };
		C15FC504202AE23B00A102FD /* JSBridgeViewController.m */ = {isa = PBXFileReference; lastKnownFileType = sourcecode.c.objc; path = JSBridgeViewController.m; sourceTree = "<group>"; };
		C15FC506202AF04A00A102FD /* UserInfo.html */ = {isa = PBXFileReference; fileEncoding = 4; lastKnownFileType = text.html; path = UserInfo.html; sourceTree = "<group>"; };
/* End PBXFileReference section */

/* Begin PBXFrameworksBuildPhase section */
		C15FC4D72022B04800A102FD /* Frameworks */ = {
			isa = PBXFrameworksBuildPhase;
			buildActionMask = 2147483647;
			files = (
				C16B988D370EDD7353893031 /* libPods-JSBridgeOCDemo.a in Frameworks */,
			);
			runOnlyForDeploymentPostprocessing = 0;
		};
/* End PBXFrameworksBuildPhase section */

/* Begin PBXGroup section */
		152EA72F9BA2DCA98EB6B873 /* Frameworks */ = {
			isa = PBXGroup;
			children = (
				804986DDCB45E74F066F6237 /* libPods-JSBridgeOCDemo.a */,
			);
			name = Frameworks;
			sourceTree = "<group>";
		};
		C15FC4D12022B04800A102FD = {
			isa = PBXGroup;
			children = (
				C15FC4DC2022B04800A102FD /* JSBridgeOCDemo */,
				C15FC4DB2022B04800A102FD /* Products */,
				DB2346B1101803E6584FFB96 /* Pods */,
				152EA72F9BA2DCA98EB6B873 /* Frameworks */,
			);
			sourceTree = "<group>";
		};
		C15FC4DB2022B04800A102FD /* Products */ = {
			isa = PBXGroup;
			children = (
				C15FC4DA2022B04800A102FD /* JSBridgeOCDemo.app */,
			);
			name = Products;
			sourceTree = "<group>";
		};
		C15FC4DC2022B04800A102FD /* JSBridgeOCDemo */ = {
			isa = PBXGroup;
			children = (
				C15FC4DD2022B04800A102FD /* AppDelegate.h */,
				C15FC4DE2022B04800A102FD /* AppDelegate.m */,
				C15FC4E02022B04800A102FD /* ViewController.h */,
				C15FC4E12022B04800A102FD /* ViewController.m */,
				C15C550F20454E3100062595 /* InfoViewController.h */,
				C15C551020454E3100062595 /* InfoViewController.m */,
				C15C551120454E3100062595 /* InfoViewController.xib */,
				C15FC4FC202AE1B300A102FD /* JsbridgeFile */,
				C15FC4FA202AE1B300A102FD /* JscoreFile */,
				C15FC4FB202AE1B300A102FD /* OriginalFile */,
				C15FC4F32022B4B000A102FD /* ExampleApp.html */,
				C15FC4F720297D7000A102FD /* test1.html */,
				C15FC4E32022B04800A102FD /* Main.storyboard */,
				C15FC4E62022B04800A102FD /* Assets.xcassets */,
				C15FC4E82022B04800A102FD /* LaunchScreen.storyboard */,
				C15FC4EB2022B04800A102FD /* Info.plist */,
				C15FC4EC2022B04800A102FD /* main.m */,
			);
			path = JSBridgeOCDemo;
			sourceTree = "<group>";
		};
		C15FC4FA202AE1B300A102FD /* JscoreFile */ = {
			isa = PBXGroup;
			children = (
				C15FC500202AE22900A102FD /* JSCoreViewController.h */,
				C15FC501202AE22900A102FD /* JSCoreViewController.m */,
			);
			path = JscoreFile;
			sourceTree = "<group>";
		};
		C15FC4FB202AE1B300A102FD /* OriginalFile */ = {
			isa = PBXGroup;
			children = (
				C15FC506202AF04A00A102FD /* UserInfo.html */,
				C15FC4FD202AE21800A102FD /* OriginalViewController.h */,
				C15FC4FE202AE21800A102FD /* OriginalViewController.m */,
			);
			path = OriginalFile;
			sourceTree = "<group>";
		};
		C15FC4FC202AE1B300A102FD /* JsbridgeFile */ = {
			isa = PBXGroup;
			children = (
				C15FC503202AE23B00A102FD /* JSBridgeViewController.h */,
				C15FC504202AE23B00A102FD /* JSBridgeViewController.m */,
			);
			path = JsbridgeFile;
			sourceTree = "<group>";
		};
		DB2346B1101803E6584FFB96 /* Pods */ = {
			isa = PBXGroup;
			children = (
				760D44372ED64801ADFEB0F4 /* Pods-JSBridgeOCDemo.debug.xcconfig */,
				21CA2D9432826208446332A7 /* Pods-JSBridgeOCDemo.release.xcconfig */,
			);
			name = Pods;
			sourceTree = "<group>";
		};
/* End PBXGroup section */

/* Begin PBXNativeTarget section */
		C15FC4D92022B04800A102FD /* JSBridgeOCDemo */ = {
			isa = PBXNativeTarget;
			buildConfigurationList = C15FC4F02022B04800A102FD /* Build configuration list for PBXNativeTarget "JSBridgeOCDemo" */;
			buildPhases = (
				06DE58F008A7FF5F5820DED9 /* [CP] Check Pods Manifest.lock */,
				C15FC4D62022B04800A102FD /* Sources */,
				C15FC4D72022B04800A102FD /* Frameworks */,
				C15FC4D82022B04800A102FD /* Resources */,
				F622A293574B6B19E532D036 /* [CP] Embed Pods Frameworks */,
				BA29AFE0266CE0698057BC44 /* [CP] Copy Pods Resources */,
			);
			buildRules = (
			);
			dependencies = (
			);
			name = JSBridgeOCDemo;
			productName = JSBridgeOCDemo;
			productReference = C15FC4DA2022B04800A102FD /* JSBridgeOCDemo.app */;
			productType = "com.apple.product-type.application";
		};
/* End PBXNativeTarget section */

/* Begin PBXProject section */
		C15FC4D22022B04800A102FD /* Project object */ = {
			isa = PBXProject;
			attributes = {
				LastUpgradeCheck = 0920;
				ORGANIZATIONNAME = Black;
				TargetAttributes = {
					C15FC4D92022B04800A102FD = {
						CreatedOnToolsVersion = 9.2;
						ProvisioningStyle = Automatic;
					};
				};
			};
			buildConfigurationList = C15FC4D52022B04800A102FD /* Build configuration list for PBXProject "JSBridgeOCDemo" */;
			compatibilityVersion = "Xcode 8.0";
			developmentRegion = en;
			hasScannedForEncodings = 0;
			knownRegions = (
				en,
				Base,
			);
			mainGroup = C15FC4D12022B04800A102FD;
			productRefGroup = C15FC4DB2022B04800A102FD /* Products */;
			projectDirPath = "";
			projectRoot = "";
			targets = (
				C15FC4D92022B04800A102FD /* JSBridgeOCDemo */,
			);
		};
/* End PBXProject section */

/* Begin PBXResourcesBuildPhase section */
		C15FC4D82022B04800A102FD /* Resources */ = {
			isa = PBXResourcesBuildPhase;
			buildActionMask = 2147483647;
			files = (
				C15FC4EA2022B04800A102FD /* LaunchScreen.storyboard in Resources */,
				C15FC4E72022B04800A102FD /* Assets.xcassets in Resources */,
				C15FC4E52022B04800A102FD /* Main.storyboard in Resources */,
				C15FC4F820297D7000A102FD /* test1.html in Resources */,
				C15FC4F42022B4B000A102FD /* ExampleApp.html in Resources */,
				C15C551320454E3100062595 /* InfoViewController.xib in Resources */,
				C15FC507202AF04B00A102FD /* UserInfo.html in Resources */,
			);
			runOnlyForDeploymentPostprocessing = 0;
		};
/* End PBXResourcesBuildPhase section */

/* Begin PBXShellScriptBuildPhase section */
		06DE58F008A7FF5F5820DED9 /* [CP] Check Pods Manifest.lock */ = {
			isa = PBXShellScriptBuildPhase;
			buildActionMask = 2147483647;
			files = (
			);
			inputPaths = (
				"${PODS_PODFILE_DIR_PATH}/Podfile.lock",
				"${PODS_ROOT}/Manifest.lock",
			);
			name = "[CP] Check Pods Manifest.lock";
			outputPaths = (
				"$(DERIVED_FILE_DIR)/Pods-JSBridgeOCDemo-checkManifestLockResult.txt",
			);
			runOnlyForDeploymentPostprocessing = 0;
			shellPath = /bin/sh;
			shellScript = "diff \"${PODS_PODFILE_DIR_PATH}/Podfile.lock\" \"${PODS_ROOT}/Manifest.lock\" > /dev/null\nif [ $? != 0 ] ; then\n    # print error to STDERR\n    echo \"error: The sandbox is not in sync with the Podfile.lock. Run 'pod install' or update your CocoaPods installation.\" >&2\n    exit 1\nfi\n# This output is used by Xcode 'outputs' to avoid re-running this script phase.\necho \"SUCCESS\" > \"${SCRIPT_OUTPUT_FILE_0}\"\n";
			showEnvVarsInLog = 0;
		};
		BA29AFE0266CE0698057BC44 /* [CP] Copy Pods Resources */ = {
			isa = PBXShellScriptBuildPhase;
			buildActionMask = 2147483647;
			files = (
			);
			inputPaths = (
			);
			name = "[CP] Copy Pods Resources";
			outputPaths = (
			);
			runOnlyForDeploymentPostprocessing = 0;
			shellPath = /bin/sh;
			shellScript = "\"${SRCROOT}/Pods/Target Support Files/Pods-JSBridgeOCDemo/Pods-JSBridgeOCDemo-resources.sh\"\n";
			showEnvVarsInLog = 0;
		};
		F622A293574B6B19E532D036 /* [CP] Embed Pods Frameworks */ = {
			isa = PBXShellScriptBuildPhase;
			buildActionMask = 2147483647;
			files = (
			);
			inputPaths = (
			);
			name = "[CP] Embed Pods Frameworks";
			outputPaths = (
			);
			runOnlyForDeploymentPostprocessing = 0;
			shellPath = /bin/sh;
			shellScript = "\"${SRCROOT}/Pods/Target Support Files/Pods-JSBridgeOCDemo/Pods-JSBridgeOCDemo-frameworks.sh\"\n";
			showEnvVarsInLog = 0;
		};
/* End PBXShellScriptBuildPhase section */

/* Begin PBXSourcesBuildPhase section */
		C15FC4D62022B04800A102FD /* Sources */ = {
			isa = PBXSourcesBuildPhase;
			buildActionMask = 2147483647;
			files = (
				C15FC4E22022B04800A102FD /* ViewController.m in Sources */,
				C15FC4ED2022B04800A102FD /* main.m in Sources */,
				C15FC4DF2022B04800A102FD /* AppDelegate.m in Sources */,
				C15FC4FF202AE21800A102FD /* OriginalViewController.m in Sources */,
				C15FC505202AE23B00A102FD /* JSBridgeViewController.m in Sources */,
				C15C551220454E3100062595 /* InfoViewController.m in Sources */,
				C15FC502202AE22900A102FD /* JSCoreViewController.m in Sources */,
			);
			runOnlyForDeploymentPostprocessing = 0;
		};
/* End PBXSourcesBuildPhase section */

/* Begin PBXVariantGroup section */
		C15FC4E32022B04800A102FD /* Main.storyboard */ = {
			isa = PBXVariantGroup;
			children = (
				C15FC4E42022B04800A102FD /* Base */,
			);
			name = Main.storyboard;
			sourceTree = "<group>";
		};
		C15FC4E82022B04800A102FD /* LaunchScreen.storyboard */ = {
			isa = PBXVariantGroup;
			children = (
				C15FC4E92022B04800A102FD /* Base */,
			);
			name = LaunchScreen.storyboard;
			sourceTree = "<group>";
		};
/* End PBXVariantGroup section */

/* Begin XCBuildConfiguration section */
		C15FC4EE2022B04800A102FD /* Debug */ = {
			isa = XCBuildConfiguration;
			buildSettings = {
				ALWAYS_SEARCH_USER_PATHS = NO;
				CLANG_ANALYZER_NONNULL = YES;
				CLANG_ANALYZER_NUMBER_OBJECT_CONVERSION = YES_AGGRESSIVE;
				CLANG_CXX_LANGUAGE_STANDARD = "gnu++14";
				CLANG_CXX_LIBRARY = "libc++";
				CLANG_ENABLE_MODULES = YES;
				CLANG_ENABLE_OBJC_ARC = YES;
				CLANG_WARN_BLOCK_CAPTURE_AUTORELEASING = YES;
				CLANG_WARN_BOOL_CONVERSION = YES;
				CLANG_WARN_COMMA = YES;
				CLANG_WARN_CONSTANT_CONVERSION = YES;
				CLANG_WARN_DIRECT_OBJC_ISA_USAGE = YES_ERROR;
				CLANG_WARN_DOCUMENTATION_COMMENTS = YES;
				CLANG_WARN_EMPTY_BODY = YES;
				CLANG_WARN_ENUM_CONVERSION = YES;
				CLANG_WARN_INFINITE_RECURSION = YES;
				CLANG_WARN_INT_CONVERSION = YES;
				CLANG_WARN_NON_LITERAL_NULL_CONVERSION = YES;
				CLANG_WARN_OBJC_LITERAL_CONVERSION = YES;
				CLANG_WARN_OBJC_ROOT_CLASS = YES_ERROR;
				CLANG_WARN_RANGE_LOOP_ANALYSIS = YES;
				CLANG_WARN_STRICT_PROTOTYPES = YES;
				CLANG_WARN_SUSPICIOUS_MOVE = YES;
				CLANG_WARN_UNGUARDED_AVAILABILITY = YES_AGGRESSIVE;
				CLANG_WARN_UNREACHABLE_CODE = YES;
				CLANG_WARN__DUPLICATE_METHOD_MATCH = YES;
				CODE_SIGN_IDENTITY = "iPhone Developer";
				COPY_PHASE_STRIP = NO;
				DEBUG_INFORMATION_FORMAT = dwarf;
				ENABLE_STRICT_OBJC_MSGSEND = YES;
				ENABLE_TESTABILITY = YES;
				GCC_C_LANGUAGE_STANDARD = gnu11;
				GCC_DYNAMIC_NO_PIC = NO;
				GCC_NO_COMMON_BLOCKS = YES;
				GCC_OPTIMIZATION_LEVEL = 0;
				GCC_PREPROCESSOR_DEFINITIONS = (
					"DEBUG=1",
					"$(inherited)",
				);
				GCC_WARN_64_TO_32_BIT_CONVERSION = YES;
				GCC_WARN_ABOUT_RETURN_TYPE = YES_ERROR;
				GCC_WARN_UNDECLARED_SELECTOR = YES;
				GCC_WARN_UNINITIALIZED_AUTOS = YES_AGGRESSIVE;
				GCC_WARN_UNUSED_FUNCTION = YES;
				GCC_WARN_UNUSED_VARIABLE = YES;
				IPHONEOS_DEPLOYMENT_TARGET = 11.2;
				MTL_ENABLE_DEBUG_INFO = YES;
				ONLY_ACTIVE_ARCH = YES;
				SDKROOT = iphoneos;
			};
			name = Debug;
		};
		C15FC4EF2022B04800A102FD /* Release */ = {
			isa = XCBuildConfiguration;
			buildSettings = {
				ALWAYS_SEARCH_USER_PATHS = NO;
				CLANG_ANALYZER_NONNULL = YES;
				CLANG_ANALYZER_NUMBER_OBJECT_CONVERSION = YES_AGGRESSIVE;
				CLANG_CXX_LANGUAGE_STANDARD = "gnu++14";
				CLANG_CXX_LIBRARY = "libc++";
				CLANG_ENABLE_MODULES = YES;
				CLANG_ENABLE_OBJC_ARC = YES;
				CLANG_WARN_BLOCK_CAPTURE_AUTORELEASING = YES;
				CLANG_WARN_BOOL_CONVERSION = YES;
				CLANG_WARN_COMMA = YES;
				CLANG_WARN_CONSTANT_CONVERSION = YES;
				CLANG_WARN_DIRECT_OBJC_ISA_USAGE = YES_ERROR;
				CLANG_WARN_DOCUMENTATION_COMMENTS = YES;
				CLANG_WARN_EMPTY_BODY = YES;
				CLANG_WARN_ENUM_CONVERSION = YES;
				CLANG_WARN_INFINITE_RECURSION = YES;
				CLANG_WARN_INT_CONVERSION = YES;
				CLANG_WARN_NON_LITERAL_NULL_CONVERSION = YES;
				CLANG_WARN_OBJC_LITERAL_CONVERSION = YES;
				CLANG_WARN_OBJC_ROOT_CLASS = YES_ERROR;
				CLANG_WARN_RANGE_LOOP_ANALYSIS = YES;
				CLANG_WARN_STRICT_PROTOTYPES = YES;
				CLANG_WARN_SUSPICIOUS_MOVE = YES;
				CLANG_WARN_UNGUARDED_AVAILABILITY = YES_AGGRESSIVE;
				CLANG_WARN_UNREACHABLE_CODE = YES;
				CLANG_WARN__DUPLICATE_METHOD_MATCH = YES;
				CODE_SIGN_IDENTITY = "iPhone Developer";
				COPY_PHASE_STRIP = NO;
				DEBUG_INFORMATION_FORMAT = "dwarf-with-dsym";
				ENABLE_NS_ASSERTIONS = NO;
				ENABLE_STRICT_OBJC_MSGSEND = YES;
				GCC_C_LANGUAGE_STANDARD = gnu11;
				GCC_NO_COMMON_BLOCKS = YES;
				GCC_WARN_64_TO_32_BIT_CONVERSION = YES;
				GCC_WARN_ABOUT_RETURN_TYPE = YES_ERROR;
				GCC_WARN_UNDECLARED_SELECTOR = YES;
				GCC_WARN_UNINITIALIZED_AUTOS = YES_AGGRESSIVE;
				GCC_WARN_UNUSED_FUNCTION = YES;
				GCC_WARN_UNUSED_VARIABLE = YES;
				IPHONEOS_DEPLOYMENT_TARGET = 11.2;
				MTL_ENABLE_DEBUG_INFO = NO;
				SDKROOT = iphoneos;
				VALIDATE_PRODUCT = YES;
			};
			name = Release;
		};
		C15FC4F12022B04800A102FD /* Debug */ = {
			isa = XCBuildConfiguration;
			baseConfigurationReference = 760D44372ED64801ADFEB0F4 /* Pods-JSBridgeOCDemo.debug.xcconfig */;
			buildSettings = {
				ASSETCATALOG_COMPILER_APPICON_NAME = AppIcon;
				CODE_SIGN_STYLE = Automatic;
				DEVELOPMENT_TEAM = 4A44TJ86VM;
				INFOPLIST_FILE = JSBridgeOCDemo/Info.plist;
				IPHONEOS_DEPLOYMENT_TARGET = 9.0;
				LD_RUNPATH_SEARCH_PATHS = "$(inherited) @executable_path/Frameworks";
				PRODUCT_BUNDLE_IDENTIFIER = com.anji.plus.JSBridgeOCDemo;
				PRODUCT_NAME = "$(TARGET_NAME)";
				TARGETED_DEVICE_FAMILY = 1;
			};
			name = Debug;
		};
		C15FC4F22022B04800A102FD /* Release */ = {
			isa = XCBuildConfiguration;
			baseConfigurationReference = 21CA2D9432826208446332A7 /* Pods-JSBridgeOCDemo.release.xcconfig */;
			buildSettings = {
				ASSETCATALOG_COMPILER_APPICON_NAME = AppIcon;
				CODE_SIGN_STYLE = Automatic;
				DEVELOPMENT_TEAM = 4A44TJ86VM;
				INFOPLIST_FILE = JSBridgeOCDemo/Info.plist;
				IPHONEOS_DEPLOYMENT_TARGET = 9.0;
				LD_RUNPATH_SEARCH_PATHS = "$(inherited) @executable_path/Frameworks";
				PRODUCT_BUNDLE_IDENTIFIER = com.anji.plus.JSBridgeOCDemo;
				PRODUCT_NAME = "$(TARGET_NAME)";
				TARGETED_DEVICE_FAMILY = 1;
			};
			name = Release;
		};
/* End XCBuildConfiguration section */

/* Begin XCConfigurationList section */
		C15FC4D52022B04800A102FD /* Build configuration list for PBXProject "JSBridgeOCDemo" */ = {
			isa = XCConfigurationList;
			buildConfigurations = (
				C15FC4EE2022B04800A102FD /* Debug */,
				C15FC4EF2022B04800A102FD /* Release */,
			);
			defaultConfigurationIsVisible = 0;
			defaultConfigurationName = Release;
		};
		C15FC4F02022B04800A102FD /* Build configuration list for PBXNativeTarget "JSBridgeOCDemo" */ = {
			isa = XCConfigurationList;
			buildConfigurations = (
				C15FC4F12022B04800A102FD /* Debug */,
				C15FC4F22022B04800A102FD /* Release */,
			);
			defaultConfigurationIsVisible = 0;
			defaultConfigurationName = Release;
		};
/* End XCConfigurationList section */
	};
	rootObject = C15FC4D22022B04800A102FD /* Project object */;
}
